PODS:
  - Flutter (1.0.0)
  - gosdk (0.0.1):
    - Flutter

DEPENDENCIES:
  - Flutter (from `Flutter`)
  - gosdk (from `.symlinks/plugins/gosdk/ios`)

EXTERNAL SOURCES:
  Flutter:
    :path: Flutter
  gosdk:
    :path: ".symlinks/plugins/gosdk/ios"

SPEC CHECKSUMS:
  Flutter: 50d75fe2f02b26cc09d224853bb45737f8b3214a
  gosdk: 6e99a3fe66bb5017705a8e9dac1deb6e3254dfe6

PODFILE CHECKSUM: 2c275997226a53a33c34103e0fa61873aecd72df

COCOAPODS: 1.12.1
